
Microsoft Visual Studio Solution File, Format Version 12.00
# Visual Studio Version 17
VisualStudioVersion = 17.10.35004.147
MinimumVisualStudioVersion = 10.0.40219.1
Project("{FAE04EC0-301F-11D3-BF4B-00C04F79EFBC}") = "IfStatementProject", "IfStatementProject\IfStatementProject.csproj", "{C24F096A-7847-461F-B89E-C15E693B8BE1}"
EndProject
Global
	GlobalSection(SolutionConfigurationPlatforms) = preSolution
		Debug|Any CPU = Debug|Any CPU
		Release|Any CPU = Release|Any CPU
	EndGlobalSection
	GlobalSection(ProjectConfigurationPlatforms) = postSolution
		{C24F096A-7847-461F-B89E-C15E693B8BE1}.Debug|Any CPU.ActiveCfg = Debug|Any CPU
		{C24F096A-7847-461F-B89E-C15E693B8BE1}.Debug|Any CPU.Build.0 = Debug|Any CPU
		{C24F096A-7847-461F-B89E-C15E693B8BE1}.Release|Any CPU.ActiveCfg = Release|Any CPU
		{C24F096A-7847-461F-B89E-C15E693B8BE1}.Release|Any CPU.Build.0 = Release|Any CPU
	EndGlobalSection
	GlobalSection(SolutionProperties) = preSolution
		HideSolutionNode = FALSE
	EndGlobalSection
	GlobalSection(ExtensibilityGlobals) = postSolution
		SolutionGuid = {69AD73A7-E50F-4A41-AB6F-970AA8B1D51C}
	EndGlobalSection
EndGlobal
